
Microsoft Visual Studio Solution File, Format Version 12.00
# Visual Studio 15
VisualStudioVersion = 15.0.26430.12
MinimumVisualStudioVersion = 14.0.23107.0
Project("{FAE04EC0-301F-11D3-BF4B-00C04F79EFBC}") = "Sample", "Sample\Sample.csproj", "{A8ADF5AF-368E-4F1E-888B-09011DFDC598}"
EndProject
Project("{9A19103F-16F7-4668-BE54-9A1E7A4F7556}") = "StructureEditor", "StructureEditor\StructureEditor.csproj", "{81AF4FA5-44F7-4010-8769-B85B8B542FA2}"
EndProject
Project("{FAE04EC0-301F-11D3-BF4B-00C04F79EFBC}") = "StructureEditor.WinForms", "StructureEditor.WinForms\StructureEditor.WinForms.csproj", "{43BA691F-06B3-4822-991D-A15AD4988835}"
EndProject
Project("{9A19103F-16F7-4668-BE54-9A1E7A4F7556}") = "UnitTests", "UnitTests\UnitTests.csproj", "{4E618CB3-F190-4080-8509-7D65C46D5700}"
EndProject
Global
	GlobalSection(SolutionConfigurationPlatforms) = preSolution
		Debug|Any CPU = Debug|Any CPU
		Release|Any CPU = Release|Any CPU
	EndGlobalSection
	GlobalSection(ProjectConfigurationPlatforms) = postSolution
		{A8ADF5AF-368E-4F1E-888B-09011DFDC598}.Debug|Any CPU.ActiveCfg = Debug|Any CPU
		{A8ADF5AF-368E-4F1E-888B-09011DFDC598}.Debug|Any CPU.Build.0 = Debug|Any CPU
		{A8ADF5AF-368E-4F1E-888B-09011DFDC598}.Release|Any CPU.ActiveCfg = Release|Any CPU
		{A8ADF5AF-368E-4F1E-888B-09011DFDC598}.Release|Any CPU.Build.0 = Release|Any CPU
		{81AF4FA5-44F7-4010-8769-B85B8B542FA2}.Debug|Any CPU.ActiveCfg = Debug|Any CPU
		{81AF4FA5-44F7-4010-8769-B85B8B542FA2}.Debug|Any CPU.Build.0 = Debug|Any CPU
		{81AF4FA5-44F7-4010-8769-B85B8B542FA2}.Release|Any CPU.ActiveCfg = Release|Any CPU
		{81AF4FA5-44F7-4010-8769-B85B8B542FA2}.Release|Any CPU.Build.0 = Release|Any CPU
		{43BA691F-06B3-4822-991D-A15AD4988835}.Debug|Any CPU.ActiveCfg = Debug|Any CPU
		{43BA691F-06B3-4822-991D-A15AD4988835}.Debug|Any CPU.Build.0 = Debug|Any CPU
		{43BA691F-06B3-4822-991D-A15AD4988835}.Release|Any CPU.ActiveCfg = Release|Any CPU
		{43BA691F-06B3-4822-991D-A15AD4988835}.Release|Any CPU.Build.0 = Release|Any CPU
		{4E618CB3-F190-4080-8509-7D65C46D5700}.Debug|Any CPU.ActiveCfg = Debug|Any CPU
		{4E618CB3-F190-4080-8509-7D65C46D5700}.Debug|Any CPU.Build.0 = Debug|Any CPU
		{4E618CB3-F190-4080-8509-7D65C46D5700}.Release|Any CPU.ActiveCfg = Release|Any CPU
		{4E618CB3-F190-4080-8509-7D65C46D5700}.Release|Any CPU.Build.0 = Release|Any CPU
	EndGlobalSection
	GlobalSection(SolutionProperties) = preSolution
		HideSolutionNode = FALSE
	EndGlobalSection
	GlobalSection(ExtensibilityGlobals) = postSolution
		SolutionGuid = {1B300C07-32E6-4F6C-AB2B-D40914877B42}
	EndGlobalSection
EndGlobal
